
Microsoft Visual Studio Solution File, Format Version 12.00
# Visual Studio Version 17
VisualStudioVersion = 17.2.32526.322
MinimumVisualStudioVersion = 10.0.40219.1
Project("{2150E333-8FDC-42A3-9474-1A3956D46DE8}") = "FrontEnd", "FrontEnd", "{DC6E54DB-5F6B-4FE7-A439-E4737DB0382C}"
EndProject
Project("{2150E333-8FDC-42A3-9474-1A3956D46DE8}") = "Services", "Services", "{187E9947-4221-4DA9-876D-80DF7BF1D3B4}"
EndProject
Project("{FAE04EC0-301F-11D3-BF4B-00C04F79EFBC}") = "GeekShopping.Web", "GeekShopping.Web\GeekShopping.Web.csproj", "{35B179C7-F82F-495A-981D-4F466AFCABCB}"
EndProject
Project("{FAE04EC0-301F-11D3-BF4B-00C04F79EFBC}") = "GeekShopping.ProductAPI", "GeekShopping.ProductAPI\GeekShopping.ProductAPI.csproj", "{AA28EF3F-0D6E-439F-859B-14430D3580D8}"
EndProject
Global
	GlobalSection(SolutionConfigurationPlatforms) = preSolution
		Debug|Any CPU = Debug|Any CPU
		Release|Any CPU = Release|Any CPU
	EndGlobalSection
	GlobalSection(ProjectConfigurationPlatforms) = postSolution
		{35B179C7-F82F-495A-981D-4F466AFCABCB}.Debug|Any CPU.ActiveCfg = Debug|Any CPU
		{35B179C7-F82F-495A-981D-4F466AFCABCB}.Debug|Any CPU.Build.0 = Debug|Any CPU
		{35B179C7-F82F-495A-981D-4F466AFCABCB}.Release|Any CPU.ActiveCfg = Release|Any CPU
		{35B179C7-F82F-495A-981D-4F466AFCABCB}.Release|Any CPU.Build.0 = Release|Any CPU
		{AA28EF3F-0D6E-439F-859B-14430D3580D8}.Debug|Any CPU.ActiveCfg = Debug|Any CPU
		{AA28EF3F-0D6E-439F-859B-14430D3580D8}.Debug|Any CPU.Build.0 = Debug|Any CPU
		{AA28EF3F-0D6E-439F-859B-14430D3580D8}.Release|Any CPU.ActiveCfg = Release|Any CPU
		{AA28EF3F-0D6E-439F-859B-14430D3580D8}.Release|Any CPU.Build.0 = Release|Any CPU
	EndGlobalSection
	GlobalSection(SolutionProperties) = preSolution
		HideSolutionNode = FALSE
	EndGlobalSection
	GlobalSection(NestedProjects) = preSolution
		{35B179C7-F82F-495A-981D-4F466AFCABCB} = {DC6E54DB-5F6B-4FE7-A439-E4737DB0382C}
		{AA28EF3F-0D6E-439F-859B-14430D3580D8} = {187E9947-4221-4DA9-876D-80DF7BF1D3B4}
	EndGlobalSection
	GlobalSection(ExtensibilityGlobals) = postSolution
		SolutionGuid = {FE93F6F4-DD95-437C-B317-DBC84D65CAD7}
	EndGlobalSection
EndGlobal
